
Microsoft Visual Studio Solution File, Format Version 12.00
# Visual Studio Version 17
VisualStudioVersion = 17.9.34728.123
MinimumVisualStudioVersion = 10.0.40219.1
Project("{FAE04EC0-301F-11D3-BF4B-00C04F79EFBC}") = "Mapperly", "Mapperly\Mapperly.csproj", "{7DD1A0FA-AB06-4DA6-A380-3BE960C7E6FA}"
EndProject
Global
	GlobalSection(SolutionConfigurationPlatforms) = preSolution
		Debug|Any CPU = Debug|Any CPU
		Release|Any CPU = Release|Any CPU
	EndGlobalSection
	GlobalSection(ProjectConfigurationPlatforms) = postSolution
		{7DD1A0FA-AB06-4DA6-A380-3BE960C7E6FA}.Debug|Any CPU.ActiveCfg = Debug|Any CPU
		{7DD1A0FA-AB06-4DA6-A380-3BE960C7E6FA}.Debug|Any CPU.Build.0 = Debug|Any CPU
		{7DD1A0FA-AB06-4DA6-A380-3BE960C7E6FA}.Release|Any CPU.ActiveCfg = Release|Any CPU
		{7DD1A0FA-AB06-4DA6-A380-3BE960C7E6FA}.Release|Any CPU.Build.0 = Release|Any CPU
	EndGlobalSection
	GlobalSection(SolutionProperties) = preSolution
		HideSolutionNode = FALSE
	EndGlobalSection
	GlobalSection(ExtensibilityGlobals) = postSolution
		SolutionGuid = {16228081-6424-463C-8D29-976C6CE8F18A}
	EndGlobalSection
EndGlobal
